// !$*UTF8*$!
{
	archiveVersion = 1;
	classes = {
	};
	objectVersion = 46;
	objects = {

/* Begin PBXBuildFile section */
		FA0D1B1618E37E9C0016298E /* rendu2.c in Sources */ = {isa = PBXBuildFile; fileRef = FA0D1B1518E37E9C0016298E /* rendu2.c */; };
		FA6CD32E18DAEDA300B7DCCA /* main.cpp in Sources */ = {isa = PBXBuildFile; fileRef = FA6CD32D18DAEDA300B7DCCA /* main.cpp */; };
		FA6CD33018DAEDA300B7DCCA /* Rendu2.1 in CopyFiles */ = {isa = PBXBuildFile; fileRef = FA6CD32F18DAEDA300B7DCCA /* Rendu2.1 */; };
		FA6CD33D18DAEDF200B7DCCA /* jeu.c in Sources */ = {isa = PBXBuildFile; fileRef = FA6CD33718DAEDF200B7DCCA /* jeu.c */; };
		FA6CD33E18DAEDF200B7DCCA /* rendu1.c in Sources */ = {isa = PBXBuildFile; fileRef = FA6CD33918DAEDF200B7DCCA /* rendu1.c */; };
		FA6CD34118DAEE2A00B7DCCA /* mac_error.c in Sources */ = {isa = PBXBuildFile; fileRef = FA6CD34018DAEE2A00B7DCCA /* mac_error.c */; };
		FA6CD34418DAF31300B7DCCA /* disques.c in Sources */ = {isa = PBXBuildFile; fileRef = FA6CD34318DAF31200B7DCCA /* disques.c */; };
		FA6CD36318E194F600B7DCCA /* GLUT.framework in Frameworks */ = {isa = PBXBuildFile; fileRef = FA6CD36218E194F600B7DCCA /* GLUT.framework */; };
		FADDE71518E9B1FF00534DB4 /* OpenGL.framework in Frameworks */ = {isa = PBXBuildFile; fileRef = FADDE71418E9B1FF00534DB4 /* OpenGL.framework */; };
		FADDE71718E9B21F00534DB4 /* GLUI.framework in Frameworks */ = {isa = PBXBuildFile; fileRef = FADDE71618E9B21F00534DB4 /* GLUI.framework */; };
/* End PBXBuildFile section */

/* Begin PBXCopyFilesBuildPhase section */
		FA6CD32818DAEDA300B7DCCA /* CopyFiles */ = {
			isa = PBXCopyFilesBuildPhase;
			buildActionMask = 2147483647;
			dstPath = /usr/share/man/man1/;
			dstSubfolderSpec = 0;
			files = (
				FA6CD33018DAEDA300B7DCCA /* Rendu2.1 in CopyFiles */,
			);
			runOnlyForDeploymentPostprocessing = 1;
		};
/* End PBXCopyFilesBuildPhase section */

/* Begin PBXFileReference section */
		FA0D1B1518E37E9C0016298E /* rendu2.c */ = {isa = PBXFileReference; fileEncoding = 4; lastKnownFileType = sourcecode.c.c; path = rendu2.c; sourceTree = "<group>"; };
		FA0D1B1718E37EAA0016298E /* rendu2.h */ = {isa = PBXFileReference; lastKnownFileType = sourcecode.c.h; path = rendu2.h; sourceTree = "<group>"; };
		FA6CD32A18DAEDA300B7DCCA /* Rendu2 */ = {isa = PBXFileReference; explicitFileType = "compiled.mach-o.executable"; includeInIndex = 0; path = Rendu2; sourceTree = BUILT_PRODUCTS_DIR; };
		FA6CD32D18DAEDA300B7DCCA /* main.cpp */ = {isa = PBXFileReference; lastKnownFileType = sourcecode.cpp.cpp; path = main.cpp; sourceTree = "<group>"; };
		FA6CD32F18DAEDA300B7DCCA /* Rendu2.1 */ = {isa = PBXFileReference; lastKnownFileType = text.man; path = Rendu2.1; sourceTree = "<group>"; };
		FA6CD33618DAEDF200B7DCCA /* error.h */ = {isa = PBXFileReference; fileEncoding = 4; lastKnownFileType = sourcecode.c.h; path = error.h; sourceTree = "<group>"; };
		FA6CD33718DAEDF200B7DCCA /* jeu.c */ = {isa = PBXFileReference; fileEncoding = 4; lastKnownFileType = sourcecode.c.c; path = jeu.c; sourceTree = "<group>"; };
		FA6CD33818DAEDF200B7DCCA /* jeu.h */ = {isa = PBXFileReference; fileEncoding = 4; lastKnownFileType = sourcecode.c.h; path = jeu.h; sourceTree = "<group>"; };
		FA6CD33918DAEDF200B7DCCA /* rendu1.c */ = {isa = PBXFileReference; fileEncoding = 4; lastKnownFileType = sourcecode.c.c; path = rendu1.c; sourceTree = "<group>"; };
		FA6CD33A18DAEDF200B7DCCA /* rendu1.h */ = {isa = PBXFileReference; fileEncoding = 4; lastKnownFileType = sourcecode.c.h; path = rendu1.h; sourceTree = "<group>"; };
		FA6CD33B18DAEDF200B7DCCA /* V2D.c */ = {isa = PBXFileReference; fileEncoding = 4; lastKnownFileType = sourcecode.c.c; path = V2D.c; sourceTree = "<group>"; };
		FA6CD33C18DAEDF200B7DCCA /* V2D.h */ = {isa = PBXFileReference; fileEncoding = 4; lastKnownFileType = sourcecode.c.h; path = V2D.h; sourceTree = "<group>"; };
		FA6CD34018DAEE2A00B7DCCA /* mac_error.c */ = {isa = PBXFileReference; fileEncoding = 4; lastKnownFileType = sourcecode.c.c; path = mac_error.c; sourceTree = "<group>"; };
		FA6CD34218DAF30500B7DCCA /* disques.h */ = {isa = PBXFileReference; lastKnownFileType = sourcecode.c.h; path = disques.h; sourceTree = "<group>"; };
		FA6CD34318DAF31200B7DCCA /* disques.c */ = {isa = PBXFileReference; fileEncoding = 4; lastKnownFileType = sourcecode.c.c; path = disques.c; sourceTree = "<group>"; };
		FA6CD36218E194F600B7DCCA /* GLUT.framework */ = {isa = PBXFileReference; lastKnownFileType = wrapper.framework; name = GLUT.framework; path = System/Library/Frameworks/GLUT.framework; sourceTree = SDKROOT; };
		FADDE71418E9B1FF00534DB4 /* OpenGL.framework */ = {isa = PBXFileReference; lastKnownFileType = wrapper.framework; name = OpenGL.framework; path = System/Library/Frameworks/OpenGL.framework; sourceTree = SDKROOT; };
		FADDE71618E9B21F00534DB4 /* GLUI.framework */ = {isa = PBXFileReference; lastKnownFileType = wrapper.framework; name = GLUI.framework; path = ../../../../../../../Library/Frameworks/GLUI.framework; sourceTree = "<group>"; };
/* End PBXFileReference section */

/* Begin PBXFrameworksBuildPhase section */
		FA6CD32718DAEDA300B7DCCA /* Frameworks */ = {
			isa = PBXFrameworksBuildPhase;
			buildActionMask = 2147483647;
			files = (
				FADDE71518E9B1FF00534DB4 /* OpenGL.framework in Frameworks */,
				FADDE71718E9B21F00534DB4 /* GLUI.framework in Frameworks */,
				FA6CD36318E194F600B7DCCA /* GLUT.framework in Frameworks */,
			);
			runOnlyForDeploymentPostprocessing = 0;
		};
/* End PBXFrameworksBuildPhase section */

/* Begin PBXGroup section */
		FA6CD32118DAEDA300B7DCCA = {
			isa = PBXGroup;
			children = (
				FADDE71618E9B21F00534DB4 /* GLUI.framework */,
				FADDE71418E9B1FF00534DB4 /* OpenGL.framework */,
				FA6CD36218E194F600B7DCCA /* GLUT.framework */,
				FA6CD32C18DAEDA300B7DCCA /* Rendu2 */,
				FA6CD32B18DAEDA300B7DCCA /* Products */,
			);
			sourceTree = "<group>";
		};
		FA6CD32B18DAEDA300B7DCCA /* Products */ = {
			isa = PBXGroup;
			children = (
				FA6CD32A18DAEDA300B7DCCA /* Rendu2 */,
			);
			name = Products;
			sourceTree = "<group>";
		};
		FA6CD32C18DAEDA300B7DCCA /* Rendu2 */ = {
			isa = PBXGroup;
			children = (
				FA6CD32D18DAEDA300B7DCCA /* main.cpp */,
				FA6CD33618DAEDF200B7DCCA /* error.h */,
				FA6CD34018DAEE2A00B7DCCA /* mac_error.c */,
				FA6CD33818DAEDF200B7DCCA /* jeu.h */,
				FA6CD33718DAEDF200B7DCCA /* jeu.c */,
				FA6CD33A18DAEDF200B7DCCA /* rendu1.h */,
				FA6CD33918DAEDF200B7DCCA /* rendu1.c */,
				FA0D1B1718E37EAA0016298E /* rendu2.h */,
				FA0D1B1518E37E9C0016298E /* rendu2.c */,
				FA6CD34218DAF30500B7DCCA /* disques.h */,
				FA6CD34318DAF31200B7DCCA /* disques.c */,
				FA6CD33C18DAEDF200B7DCCA /* V2D.h */,
				FA6CD33B18DAEDF200B7DCCA /* V2D.c */,
				FA6CD32F18DAEDA300B7DCCA /* Rendu2.1 */,
			);
			path = Rendu2;
			sourceTree = "<group>";
		};
/* End PBXGroup section */

/* Begin PBXNativeTarget section */
		FA6CD32918DAEDA300B7DCCA /* Rendu2 */ = {
			isa = PBXNativeTarget;
			buildConfigurationList = FA6CD33318DAEDA300B7DCCA /* Build configuration list for PBXNativeTarget "Rendu2" */;
			buildPhases = (
				FA6CD32618DAEDA300B7DCCA /* Sources */,
				FA6CD32718DAEDA300B7DCCA /* Frameworks */,
				FA6CD32818DAEDA300B7DCCA /* CopyFiles */,
			);
			buildRules = (
			);
			dependencies = (
			);
			name = Rendu2;
			productName = Rendu2;
			productReference = FA6CD32A18DAEDA300B7DCCA /* Rendu2 */;
			productType = "com.apple.product-type.tool";
		};
/* End PBXNativeTarget section */

/* Begin PBXProject section */
		FA6CD32218DAEDA300B7DCCA /* Project object */ = {
			isa = PBXProject;
			attributes = {
				LastUpgradeCheck = 0500;
				ORGANIZATIONNAME = "Lana macbook";
			};
			buildConfigurationList = FA6CD32518DAEDA300B7DCCA /* Build configuration list for PBXProject "Rendu2" */;
			compatibilityVersion = "Xcode 3.2";
			developmentRegion = English;
			hasScannedForEncodings = 0;
			knownRegions = (
				en,
			);
			mainGroup = FA6CD32118DAEDA300B7DCCA;
			productRefGroup = FA6CD32B18DAEDA300B7DCCA /* Products */;
			projectDirPath = "";
			projectRoot = "";
			targets = (
				FA6CD32918DAEDA300B7DCCA /* Rendu2 */,
			);
		};
/* End PBXProject section */

/* Begin PBXSourcesBuildPhase section */
		FA6CD32618DAEDA300B7DCCA /* Sources */ = {
			isa = PBXSourcesBuildPhase;
			buildActionMask = 2147483647;
			files = (
				FA6CD33D18DAEDF200B7DCCA /* jeu.c in Sources */,
				FA6CD33E18DAEDF200B7DCCA /* rendu1.c in Sources */,
				FA6CD32E18DAEDA300B7DCCA /* main.cpp in Sources */,
				FA6CD34118DAEE2A00B7DCCA /* mac_error.c in Sources */,
				FA0D1B1618E37E9C0016298E /* rendu2.c in Sources */,
				FA6CD34418DAF31300B7DCCA /* disques.c in Sources */,
			);
			runOnlyForDeploymentPostprocessing = 0;
		};
/* End PBXSourcesBuildPhase section */

/* Begin XCBuildConfiguration section */
		FA6CD33118DAEDA300B7DCCA /* Debug */ = {
			isa = XCBuildConfiguration;
			buildSettings = {
				ALWAYS_SEARCH_USER_PATHS = NO;
				CLANG_CXX_LANGUAGE_STANDARD = "gnu++0x";
				CLANG_CXX_LIBRARY = "libc++";
				CLANG_ENABLE_OBJC_ARC = YES;
				CLANG_WARN_BOOL_CONVERSION = YES;
				CLANG_WARN_CONSTANT_CONVERSION = YES;
				CLANG_WARN_DIRECT_OBJC_ISA_USAGE = YES_ERROR;
				CLANG_WARN_EMPTY_BODY = YES;
				CLANG_WARN_ENUM_CONVERSION = YES;
				CLANG_WARN_INT_CONVERSION = YES;
				CLANG_WARN_OBJC_ROOT_CLASS = YES_ERROR;
				CLANG_WARN__DUPLICATE_METHOD_MATCH = YES;
				COPY_PHASE_STRIP = NO;
				GCC_C_LANGUAGE_STANDARD = gnu99;
				GCC_DYNAMIC_NO_PIC = NO;
				GCC_ENABLE_OBJC_EXCEPTIONS = YES;
				GCC_OPTIMIZATION_LEVEL = 0;
				GCC_PREPROCESSOR_DEFINITIONS = (
					"DEBUG=1",
					"$(inherited)",
				);
				GCC_SYMBOLS_PRIVATE_EXTERN = NO;
				GCC_WARN_64_TO_32_BIT_CONVERSION = YES;
				GCC_WARN_ABOUT_RETURN_TYPE = YES_ERROR;
				GCC_WARN_UNDECLARED_SELECTOR = YES;
				GCC_WARN_UNINITIALIZED_AUTOS = YES;
				GCC_WARN_UNUSED_FUNCTION = YES;
				GCC_WARN_UNUSED_VARIABLE = YES;
				MACOSX_DEPLOYMENT_TARGET = 10.9;
				ONLY_ACTIVE_ARCH = YES;
				SDKROOT = macosx;
			};
			name = Debug;
		};
		FA6CD33218DAEDA300B7DCCA /* Release */ = {
			isa = XCBuildConfiguration;
			buildSettings = {
				ALWAYS_SEARCH_USER_PATHS = NO;
				CLANG_CXX_LANGUAGE_STANDARD = "gnu++0x";
				CLANG_CXX_LIBRARY = "libc++";
				CLANG_ENABLE_OBJC_ARC = YES;
				CLANG_WARN_BOOL_CONVERSION = YES;
				CLANG_WARN_CONSTANT_CONVERSION = YES;
				CLANG_WARN_DIRECT_OBJC_ISA_USAGE = YES_ERROR;
				CLANG_WARN_EMPTY_BODY = YES;
				CLANG_WARN_ENUM_CONVERSION = YES;
				CLANG_WARN_INT_CONVERSION = YES;
				CLANG_WARN_OBJC_ROOT_CLASS = YES_ERROR;
				CLANG_WARN__DUPLICATE_METHOD_MATCH = YES;
				COPY_PHASE_STRIP = YES;
				DEBUG_INFORMATION_FORMAT = "dwarf-with-dsym";
				ENABLE_NS_ASSERTIONS = NO;
				GCC_C_LANGUAGE_STANDARD = gnu99;
				GCC_ENABLE_OBJC_EXCEPTIONS = YES;
				GCC_WARN_64_TO_32_BIT_CONVERSION = YES;
				GCC_WARN_ABOUT_RETURN_TYPE = YES_ERROR;
				GCC_WARN_UNDECLARED_SELECTOR = YES;
				GCC_WARN_UNINITIALIZED_AUTOS = YES;
				GCC_WARN_UNUSED_FUNCTION = YES;
				GCC_WARN_UNUSED_VARIABLE = YES;
				MACOSX_DEPLOYMENT_TARGET = 10.9;
				SDKROOT = macosx;
			};
			name = Release;
		};
		FA6CD33418DAEDA300B7DCCA /* Debug */ = {
			isa = XCBuildConfiguration;
			buildSettings = {
				FRAMEWORK_SEARCH_PATHS = (
					"$(inherited)",
					"$(LOCAL_LIBRARY_DIR)/Frameworks",
				);
				PRODUCT_NAME = "$(TARGET_NAME)";
			};
			name = Debug;
		};
		FA6CD33518DAEDA300B7DCCA /* Release */ = {
			isa = XCBuildConfiguration;
			buildSettings = {
				FRAMEWORK_SEARCH_PATHS = (
					"$(inherited)",
					"$(LOCAL_LIBRARY_DIR)/Frameworks",
				);
				PRODUCT_NAME = "$(TARGET_NAME)";
			};
			name = Release;
		};
/* End XCBuildConfiguration section */

/* Begin XCConfigurationList section */
		FA6CD32518DAEDA300B7DCCA /* Build configuration list for PBXProject "Rendu2" */ = {
			isa = XCConfigurationList;
			buildConfigurations = (
				FA6CD33118DAEDA300B7DCCA /* Debug */,
				FA6CD33218DAEDA300B7DCCA /* Release */,
			);
			defaultConfigurationIsVisible = 0;
			defaultConfigurationName = Release;
		};
		FA6CD33318DAEDA300B7DCCA /* Build configuration list for PBXNativeTarget "Rendu2" */ = {
			isa = XCConfigurationList;
			buildConfigurations = (
				FA6CD33418DAEDA300B7DCCA /* Debug */,
				FA6CD33518DAEDA300B7DCCA /* Release */,
			);
			defaultConfigurationIsVisible = 0;
			defaultConfigurationName = Release;
		};
/* End XCConfigurationList section */
	};
	rootObject = FA6CD32218DAEDA300B7DCCA /* Project object */;
}
